
Microsoft Visual Studio Solution File, Format Version 12.00
# Visual Studio Version 17
Project("{8BC9CEB8-8B4A-11D0-8D11-00A0C91BC942}") = "ALL_BUILD", "ALL_BUILD.vcxproj", "{D0E26C35-86DC-3F5B-9840-1D7588FDFD32}"
	ProjectSection(ProjectDependencies) = postProject
		{9509BE12-A1E5-349B-95A1-E7C554C0A85D} = {9509BE12-A1E5-349B-95A1-E7C554C0A85D}
		{C9F8B46B-DC6E-398F-B3E3-4950F8F9CA47} = {C9F8B46B-DC6E-398F-B3E3-4950F8F9CA47}
	EndProjectSection
EndProject
Project("{8BC9CEB8-8B4A-11D0-8D11-00A0C91BC942}") = "ZERO_CHECK", "..\\ZERO_CHECK.vcxproj", "{9509BE12-A1E5-349B-95A1-E7C554C0A85D}"
	ProjectSection(ProjectDependencies) = postProject
	EndProjectSection
EndProject
Project("{8BC9CEB8-8B4A-11D0-8D11-00A0C91BC942}") = "greet_lib", "greet_lib.vcxproj", "{C9F8B46B-DC6E-398F-B3E3-4950F8F9CA47}"
	ProjectSection(ProjectDependencies) = postProject
		{9509BE12-A1E5-349B-95A1-E7C554C0A85D} = {9509BE12-A1E5-349B-95A1-E7C554C0A85D}
	EndProjectSection
EndProject
Global
	GlobalSection(SolutionConfigurationPlatforms) = preSolution
		Debug|x64 = Debug|x64
		Release|x64 = Release|x64
		MinSizeRel|x64 = MinSizeRel|x64
		RelWithDebInfo|x64 = RelWithDebInfo|x64
	EndGlobalSection
	GlobalSection(ProjectConfigurationPlatforms) = postSolution
		{D0E26C35-86DC-3F5B-9840-1D7588FDFD32}.Debug|x64.ActiveCfg = Debug|x64
		{D0E26C35-86DC-3F5B-9840-1D7588FDFD32}.Release|x64.ActiveCfg = Release|x64
		{D0E26C35-86DC-3F5B-9840-1D7588FDFD32}.MinSizeRel|x64.ActiveCfg = MinSizeRel|x64
		{D0E26C35-86DC-3F5B-9840-1D7588FDFD32}.RelWithDebInfo|x64.ActiveCfg = RelWithDebInfo|x64
		{9509BE12-A1E5-349B-95A1-E7C554C0A85D}.Debug|x64.ActiveCfg = Debug|x64
		{9509BE12-A1E5-349B-95A1-E7C554C0A85D}.Debug|x64.Build.0 = Debug|x64
		{9509BE12-A1E5-349B-95A1-E7C554C0A85D}.Release|x64.ActiveCfg = Release|x64
		{9509BE12-A1E5-349B-95A1-E7C554C0A85D}.Release|x64.Build.0 = Release|x64
		{9509BE12-A1E5-349B-95A1-E7C554C0A85D}.MinSizeRel|x64.ActiveCfg = MinSizeRel|x64
		{9509BE12-A1E5-349B-95A1-E7C554C0A85D}.MinSizeRel|x64.Build.0 = MinSizeRel|x64
		{9509BE12-A1E5-349B-95A1-E7C554C0A85D}.RelWithDebInfo|x64.ActiveCfg = RelWithDebInfo|x64
		{9509BE12-A1E5-349B-95A1-E7C554C0A85D}.RelWithDebInfo|x64.Build.0 = RelWithDebInfo|x64
		{C9F8B46B-DC6E-398F-B3E3-4950F8F9CA47}.Debug|x64.ActiveCfg = Debug|x64
		{C9F8B46B-DC6E-398F-B3E3-4950F8F9CA47}.Debug|x64.Build.0 = Debug|x64
		{C9F8B46B-DC6E-398F-B3E3-4950F8F9CA47}.Release|x64.ActiveCfg = Release|x64
		{C9F8B46B-DC6E-398F-B3E3-4950F8F9CA47}.Release|x64.Build.0 = Release|x64
		{C9F8B46B-DC6E-398F-B3E3-4950F8F9CA47}.MinSizeRel|x64.ActiveCfg = MinSizeRel|x64
		{C9F8B46B-DC6E-398F-B3E3-4950F8F9CA47}.MinSizeRel|x64.Build.0 = MinSizeRel|x64
		{C9F8B46B-DC6E-398F-B3E3-4950F8F9CA47}.RelWithDebInfo|x64.ActiveCfg = RelWithDebInfo|x64
		{C9F8B46B-DC6E-398F-B3E3-4950F8F9CA47}.RelWithDebInfo|x64.Build.0 = RelWithDebInfo|x64
	EndGlobalSection
	GlobalSection(ExtensibilityGlobals) = postSolution
		SolutionGuid = {C519106C-90A1-34C7-BC57-6D6DAA20309B}
	EndGlobalSection
	GlobalSection(ExtensibilityAddIns) = postSolution
	EndGlobalSection
EndGlobal
