<?xml version="1.0" encoding="utf-8"?>
<Project ToolsVersion="17.0" xmlns="http://schemas.microsoft.com/developer/msbuild/2003">
  <ItemGroup>
    <CustomBuild Include="C:\Users\Mi\Desktop\homework\homework-10\10-4\Solution\CMakeFiles\ccc75bbcef6a65bb31f80e7ea3d41743\generate.stamp.rule">
      <Filter>CMake Rules</Filter>
    </CustomBuild>
  </ItemGroup>
  <ItemGroup>
    <Filter Include="CMake Rules">
      <UniqueIdentifier>{52211A8F-01DB-38B0-92E8-DACCF641A075}</UniqueIdentifier>
    </Filter>
  </ItemGroup>
</Project>
