
Microsoft Visual Studio Solution File, Format Version 12.00
# Visual Studio Version 17
Project("{8BC9CEB8-8B4A-11D0-8D11-00A0C91BC942}") = "ALL_BUILD", "ALL_BUILD.vcxproj", "{F7E7DA9F-312B-3C24-A731-1A0B8D25A51E}"
	ProjectSection(ProjectDependencies) = postProject
		{F14C285E-F730-375C-AE2C-EC028D1A7181} = {F14C285E-F730-375C-AE2C-EC028D1A7181}
		{2A8D21D2-0BBE-30B2-84B4-732F4C4CF4B1} = {2A8D21D2-0BBE-30B2-84B4-732F4C4CF4B1}
	EndProjectSection
EndProject
Project("{8BC9CEB8-8B4A-11D0-8D11-00A0C91BC942}") = "ZERO_CHECK", "..\\ZERO_CHECK.vcxproj", "{F14C285E-F730-375C-AE2C-EC028D1A7181}"
	ProjectSection(ProjectDependencies) = postProject
	EndProjectSection
EndProject
Project("{8BC9CEB8-8B4A-11D0-8D11-00A0C91BC942}") = "my_lib", "my_lib.vcxproj", "{2A8D21D2-0BBE-30B2-84B4-732F4C4CF4B1}"
	ProjectSection(ProjectDependencies) = postProject
		{F14C285E-F730-375C-AE2C-EC028D1A7181} = {F14C285E-F730-375C-AE2C-EC028D1A7181}
	EndProjectSection
EndProject
Global
	GlobalSection(SolutionConfigurationPlatforms) = preSolution
		Debug|x64 = Debug|x64
		Release|x64 = Release|x64
		MinSizeRel|x64 = MinSizeRel|x64
		RelWithDebInfo|x64 = RelWithDebInfo|x64
	EndGlobalSection
	GlobalSection(ProjectConfigurationPlatforms) = postSolution
		{F7E7DA9F-312B-3C24-A731-1A0B8D25A51E}.Debug|x64.ActiveCfg = Debug|x64
		{F7E7DA9F-312B-3C24-A731-1A0B8D25A51E}.Release|x64.ActiveCfg = Release|x64
		{F7E7DA9F-312B-3C24-A731-1A0B8D25A51E}.MinSizeRel|x64.ActiveCfg = MinSizeRel|x64
		{F7E7DA9F-312B-3C24-A731-1A0B8D25A51E}.RelWithDebInfo|x64.ActiveCfg = RelWithDebInfo|x64
		{F14C285E-F730-375C-AE2C-EC028D1A7181}.Debug|x64.ActiveCfg = Debug|x64
		{F14C285E-F730-375C-AE2C-EC028D1A7181}.Debug|x64.Build.0 = Debug|x64
		{F14C285E-F730-375C-AE2C-EC028D1A7181}.Release|x64.ActiveCfg = Release|x64
		{F14C285E-F730-375C-AE2C-EC028D1A7181}.Release|x64.Build.0 = Release|x64
		{F14C285E-F730-375C-AE2C-EC028D1A7181}.MinSizeRel|x64.ActiveCfg = MinSizeRel|x64
		{F14C285E-F730-375C-AE2C-EC028D1A7181}.MinSizeRel|x64.Build.0 = MinSizeRel|x64
		{F14C285E-F730-375C-AE2C-EC028D1A7181}.RelWithDebInfo|x64.ActiveCfg = RelWithDebInfo|x64
		{F14C285E-F730-375C-AE2C-EC028D1A7181}.RelWithDebInfo|x64.Build.0 = RelWithDebInfo|x64
		{2A8D21D2-0BBE-30B2-84B4-732F4C4CF4B1}.Debug|x64.ActiveCfg = Debug|x64
		{2A8D21D2-0BBE-30B2-84B4-732F4C4CF4B1}.Debug|x64.Build.0 = Debug|x64
		{2A8D21D2-0BBE-30B2-84B4-732F4C4CF4B1}.Release|x64.ActiveCfg = Release|x64
		{2A8D21D2-0BBE-30B2-84B4-732F4C4CF4B1}.Release|x64.Build.0 = Release|x64
		{2A8D21D2-0BBE-30B2-84B4-732F4C4CF4B1}.MinSizeRel|x64.ActiveCfg = MinSizeRel|x64
		{2A8D21D2-0BBE-30B2-84B4-732F4C4CF4B1}.MinSizeRel|x64.Build.0 = MinSizeRel|x64
		{2A8D21D2-0BBE-30B2-84B4-732F4C4CF4B1}.RelWithDebInfo|x64.ActiveCfg = RelWithDebInfo|x64
		{2A8D21D2-0BBE-30B2-84B4-732F4C4CF4B1}.RelWithDebInfo|x64.Build.0 = RelWithDebInfo|x64
	EndGlobalSection
	GlobalSection(ExtensibilityGlobals) = postSolution
		SolutionGuid = {5DAB8E3A-E771-3A35-BF10-FEC95D869B36}
	EndGlobalSection
	GlobalSection(ExtensibilityAddIns) = postSolution
	EndGlobalSection
EndGlobal
