
Microsoft Visual Studio Solution File, Format Version 12.00
# Visual Studio Version 17
Project("{8BC9CEB8-8B4A-11D0-8D11-00A0C91BC942}") = "ALL_BUILD", "ALL_BUILD.vcxproj", "{38D2E627-3791-3E76-B1D4-66C05A6C2745}"
	ProjectSection(ProjectDependencies) = postProject
		{5C1A05E2-58E3-303B-9A6E-D4D9F3215E93} = {5C1A05E2-58E3-303B-9A6E-D4D9F3215E93}
		{AC2E88A8-5DA4-37DC-A0AF-2007C746EC90} = {AC2E88A8-5DA4-37DC-A0AF-2007C746EC90}
	EndProjectSection
EndProject
Project("{8BC9CEB8-8B4A-11D0-8D11-00A0C91BC942}") = "ZERO_CHECK", "ZERO_CHECK.vcxproj", "{5C1A05E2-58E3-303B-9A6E-D4D9F3215E93}"
	ProjectSection(ProjectDependencies) = postProject
	EndProjectSection
EndProject
Project("{8BC9CEB8-8B4A-11D0-8D11-00A0C91BC942}") = "my_project", "my_project.vcxproj", "{AC2E88A8-5DA4-37DC-A0AF-2007C746EC90}"
	ProjectSection(ProjectDependencies) = postProject
		{5C1A05E2-58E3-303B-9A6E-D4D9F3215E93} = {5C1A05E2-58E3-303B-9A6E-D4D9F3215E93}
	EndProjectSection
EndProject
Global
	GlobalSection(SolutionConfigurationPlatforms) = preSolution
		Debug|x64 = Debug|x64
		Release|x64 = Release|x64
		MinSizeRel|x64 = MinSizeRel|x64
		RelWithDebInfo|x64 = RelWithDebInfo|x64
	EndGlobalSection
	GlobalSection(ProjectConfigurationPlatforms) = postSolution
		{38D2E627-3791-3E76-B1D4-66C05A6C2745}.Debug|x64.ActiveCfg = Debug|x64
		{38D2E627-3791-3E76-B1D4-66C05A6C2745}.Release|x64.ActiveCfg = Release|x64
		{38D2E627-3791-3E76-B1D4-66C05A6C2745}.MinSizeRel|x64.ActiveCfg = MinSizeRel|x64
		{38D2E627-3791-3E76-B1D4-66C05A6C2745}.RelWithDebInfo|x64.ActiveCfg = RelWithDebInfo|x64
		{5C1A05E2-58E3-303B-9A6E-D4D9F3215E93}.Debug|x64.ActiveCfg = Debug|x64
		{5C1A05E2-58E3-303B-9A6E-D4D9F3215E93}.Debug|x64.Build.0 = Debug|x64
		{5C1A05E2-58E3-303B-9A6E-D4D9F3215E93}.Release|x64.ActiveCfg = Release|x64
		{5C1A05E2-58E3-303B-9A6E-D4D9F3215E93}.Release|x64.Build.0 = Release|x64
		{5C1A05E2-58E3-303B-9A6E-D4D9F3215E93}.MinSizeRel|x64.ActiveCfg = MinSizeRel|x64
		{5C1A05E2-58E3-303B-9A6E-D4D9F3215E93}.MinSizeRel|x64.Build.0 = MinSizeRel|x64
		{5C1A05E2-58E3-303B-9A6E-D4D9F3215E93}.RelWithDebInfo|x64.ActiveCfg = RelWithDebInfo|x64
		{5C1A05E2-58E3-303B-9A6E-D4D9F3215E93}.RelWithDebInfo|x64.Build.0 = RelWithDebInfo|x64
		{AC2E88A8-5DA4-37DC-A0AF-2007C746EC90}.Debug|x64.ActiveCfg = Debug|x64
		{AC2E88A8-5DA4-37DC-A0AF-2007C746EC90}.Debug|x64.Build.0 = Debug|x64
		{AC2E88A8-5DA4-37DC-A0AF-2007C746EC90}.Release|x64.ActiveCfg = Release|x64
		{AC2E88A8-5DA4-37DC-A0AF-2007C746EC90}.Release|x64.Build.0 = Release|x64
		{AC2E88A8-5DA4-37DC-A0AF-2007C746EC90}.MinSizeRel|x64.ActiveCfg = MinSizeRel|x64
		{AC2E88A8-5DA4-37DC-A0AF-2007C746EC90}.MinSizeRel|x64.Build.0 = MinSizeRel|x64
		{AC2E88A8-5DA4-37DC-A0AF-2007C746EC90}.RelWithDebInfo|x64.ActiveCfg = RelWithDebInfo|x64
		{AC2E88A8-5DA4-37DC-A0AF-2007C746EC90}.RelWithDebInfo|x64.Build.0 = RelWithDebInfo|x64
	EndGlobalSection
	GlobalSection(ExtensibilityGlobals) = postSolution
		SolutionGuid = {D6C47973-368A-3BA6-8894-C99CB00B5212}
	EndGlobalSection
	GlobalSection(ExtensibilityAddIns) = postSolution
	EndGlobalSection
EndGlobal
