
Microsoft Visual Studio Solution File, Format Version 12.00
# Visual Studio Version 17
Project("{8BC9CEB8-8B4A-11D0-8D11-00A0C91BC942}") = "ALL_BUILD", "ALL_BUILD.vcxproj", "{4CD31292-61FA-39C1-BF2C-C30BCBCE4D99}"
	ProjectSection(ProjectDependencies) = postProject
		{7676DAB6-2D4B-363F-B6DC-05DB5C5BDE0E} = {7676DAB6-2D4B-363F-B6DC-05DB5C5BDE0E}
		{C3825C30-08BD-3EFD-A464-7242533580C9} = {C3825C30-08BD-3EFD-A464-7242533580C9}
		{0EF10795-C520-31DA-96B5-78ACDFF53DEC} = {0EF10795-C520-31DA-96B5-78ACDFF53DEC}
	EndProjectSection
EndProject
Project("{8BC9CEB8-8B4A-11D0-8D11-00A0C91BC942}") = "ZERO_CHECK", "ZERO_CHECK.vcxproj", "{7676DAB6-2D4B-363F-B6DC-05DB5C5BDE0E}"
	ProjectSection(ProjectDependencies) = postProject
	EndProjectSection
EndProject
Project("{8BC9CEB8-8B4A-11D0-8D11-00A0C91BC942}") = "leave_lib", "leave_lib\leave_lib.vcxproj", "{C3825C30-08BD-3EFD-A464-7242533580C9}"
	ProjectSection(ProjectDependencies) = postProject
		{7676DAB6-2D4B-363F-B6DC-05DB5C5BDE0E} = {7676DAB6-2D4B-363F-B6DC-05DB5C5BDE0E}
	EndProjectSection
EndProject
Project("{8BC9CEB8-8B4A-11D0-8D11-00A0C91BC942}") = "my_project", "my_project.vcxproj", "{0EF10795-C520-31DA-96B5-78ACDFF53DEC}"
	ProjectSection(ProjectDependencies) = postProject
		{7676DAB6-2D4B-363F-B6DC-05DB5C5BDE0E} = {7676DAB6-2D4B-363F-B6DC-05DB5C5BDE0E}
		{C3825C30-08BD-3EFD-A464-7242533580C9} = {C3825C30-08BD-3EFD-A464-7242533580C9}
	EndProjectSection
EndProject
Global
	GlobalSection(SolutionConfigurationPlatforms) = preSolution
		Debug|x64 = Debug|x64
		Release|x64 = Release|x64
		MinSizeRel|x64 = MinSizeRel|x64
		RelWithDebInfo|x64 = RelWithDebInfo|x64
	EndGlobalSection
	GlobalSection(ProjectConfigurationPlatforms) = postSolution
		{4CD31292-61FA-39C1-BF2C-C30BCBCE4D99}.Debug|x64.ActiveCfg = Debug|x64
		{4CD31292-61FA-39C1-BF2C-C30BCBCE4D99}.Release|x64.ActiveCfg = Release|x64
		{4CD31292-61FA-39C1-BF2C-C30BCBCE4D99}.MinSizeRel|x64.ActiveCfg = MinSizeRel|x64
		{4CD31292-61FA-39C1-BF2C-C30BCBCE4D99}.RelWithDebInfo|x64.ActiveCfg = RelWithDebInfo|x64
		{7676DAB6-2D4B-363F-B6DC-05DB5C5BDE0E}.Debug|x64.ActiveCfg = Debug|x64
		{7676DAB6-2D4B-363F-B6DC-05DB5C5BDE0E}.Debug|x64.Build.0 = Debug|x64
		{7676DAB6-2D4B-363F-B6DC-05DB5C5BDE0E}.Release|x64.ActiveCfg = Release|x64
		{7676DAB6-2D4B-363F-B6DC-05DB5C5BDE0E}.Release|x64.Build.0 = Release|x64
		{7676DAB6-2D4B-363F-B6DC-05DB5C5BDE0E}.MinSizeRel|x64.ActiveCfg = MinSizeRel|x64
		{7676DAB6-2D4B-363F-B6DC-05DB5C5BDE0E}.MinSizeRel|x64.Build.0 = MinSizeRel|x64
		{7676DAB6-2D4B-363F-B6DC-05DB5C5BDE0E}.RelWithDebInfo|x64.ActiveCfg = RelWithDebInfo|x64
		{7676DAB6-2D4B-363F-B6DC-05DB5C5BDE0E}.RelWithDebInfo|x64.Build.0 = RelWithDebInfo|x64
		{C3825C30-08BD-3EFD-A464-7242533580C9}.Debug|x64.ActiveCfg = Debug|x64
		{C3825C30-08BD-3EFD-A464-7242533580C9}.Debug|x64.Build.0 = Debug|x64
		{C3825C30-08BD-3EFD-A464-7242533580C9}.Release|x64.ActiveCfg = Release|x64
		{C3825C30-08BD-3EFD-A464-7242533580C9}.Release|x64.Build.0 = Release|x64
		{C3825C30-08BD-3EFD-A464-7242533580C9}.MinSizeRel|x64.ActiveCfg = MinSizeRel|x64
		{C3825C30-08BD-3EFD-A464-7242533580C9}.MinSizeRel|x64.Build.0 = MinSizeRel|x64
		{C3825C30-08BD-3EFD-A464-7242533580C9}.RelWithDebInfo|x64.ActiveCfg = RelWithDebInfo|x64
		{C3825C30-08BD-3EFD-A464-7242533580C9}.RelWithDebInfo|x64.Build.0 = RelWithDebInfo|x64
		{0EF10795-C520-31DA-96B5-78ACDFF53DEC}.Debug|x64.ActiveCfg = Debug|x64
		{0EF10795-C520-31DA-96B5-78ACDFF53DEC}.Debug|x64.Build.0 = Debug|x64
		{0EF10795-C520-31DA-96B5-78ACDFF53DEC}.Release|x64.ActiveCfg = Release|x64
		{0EF10795-C520-31DA-96B5-78ACDFF53DEC}.Release|x64.Build.0 = Release|x64
		{0EF10795-C520-31DA-96B5-78ACDFF53DEC}.MinSizeRel|x64.ActiveCfg = MinSizeRel|x64
		{0EF10795-C520-31DA-96B5-78ACDFF53DEC}.MinSizeRel|x64.Build.0 = MinSizeRel|x64
		{0EF10795-C520-31DA-96B5-78ACDFF53DEC}.RelWithDebInfo|x64.ActiveCfg = RelWithDebInfo|x64
		{0EF10795-C520-31DA-96B5-78ACDFF53DEC}.RelWithDebInfo|x64.Build.0 = RelWithDebInfo|x64
	EndGlobalSection
	GlobalSection(ExtensibilityGlobals) = postSolution
		SolutionGuid = {B377B559-9AE1-3F27-A775-71C5FD26AF33}
	EndGlobalSection
	GlobalSection(ExtensibilityAddIns) = postSolution
	EndGlobalSection
EndGlobal
